
Microsoft Visual Studio Solution File, Format Version 12.00
# Visual Studio Version 16
VisualStudioVersion = 16.0.31229.75
MinimumVisualStudioVersion = 10.0.40219.1
Project("{FAE04EC0-301F-11D3-BF4B-00C04F79EFBC}") = "MetricUIControlsWPF", "MetricUIControlsWPF\MetricUIControlsWPF.csproj", "{9361BCD2-0B5C-4B4F-98DE-47429B178827}"
EndProject
Global
	GlobalSection(SolutionConfigurationPlatforms) = preSolution
		Debug|Any CPU = Debug|Any CPU
		Release|Any CPU = Release|Any CPU
	EndGlobalSection
	GlobalSection(ProjectConfigurationPlatforms) = postSolution
		{9361BCD2-0B5C-4B4F-98DE-47429B178827}.Debug|Any CPU.ActiveCfg = Debug|Any CPU
		{9361BCD2-0B5C-4B4F-98DE-47429B178827}.Debug|Any CPU.Build.0 = Debug|Any CPU
		{9361BCD2-0B5C-4B4F-98DE-47429B178827}.Release|Any CPU.ActiveCfg = Release|Any CPU
		{9361BCD2-0B5C-4B4F-98DE-47429B178827}.Release|Any CPU.Build.0 = Release|Any CPU
	EndGlobalSection
	GlobalSection(SolutionProperties) = preSolution
		HideSolutionNode = FALSE
	EndGlobalSection
	GlobalSection(ExtensibilityGlobals) = postSolution
		SolutionGuid = {3C772F11-CEAE-4A9B-B166-0790644C9235}
	EndGlobalSection
EndGlobal
